
Microsoft Visual Studio Solution File, Format Version 12.00
# Visual Studio Version 17
VisualStudioVersion = 17.0.31903.59
MinimumVisualStudioVersion = 10.0.40219.1
Project("{FAE04EC0-301F-11D3-BF4B-00C04F79EFBC}") = "Domain", "Domain\Domain.csproj", "{E1B05557-BD07-4F07-92FA-E8C182D8657D}"
EndProject
Project("{FAE04EC0-301F-11D3-BF4B-00C04F79EFBC}") = "Application", "Application\Application.csproj", "{1BDED762-85DF-4447-80BF-0BA1FAD7A42B}"
EndProject
Project("{FAE04EC0-301F-11D3-BF4B-00C04F79EFBC}") = "Infrastructure", "Infrastructure\Infrastructure.csproj", "{1091603B-88E8-4450-9293-481CCEA599A4}"
EndProject
Project("{FAE04EC0-301F-11D3-BF4B-00C04F79EFBC}") = "Web", "Web\Web.csproj", "{BAFA8A77-5363-4842-A944-AA432072E689}"
EndProject
Project("{FAE04EC0-301F-11D3-BF4B-00C04F79EFBC}") = "Api", "Api\Api.csproj", "{E950753D-2E74-4224-8994-18EBA8588CF4}"
EndProject
Global
	GlobalSection(SolutionConfigurationPlatforms) = preSolution
		Debug|Any CPU = Debug|Any CPU
		Debug|x64 = Debug|x64
		Debug|x86 = Debug|x86
		Release|Any CPU = Release|Any CPU
		Release|x64 = Release|x64
		Release|x86 = Release|x86
	EndGlobalSection
	GlobalSection(ProjectConfigurationPlatforms) = postSolution
		{E1B05557-BD07-4F07-92FA-E8C182D8657D}.Debug|Any CPU.ActiveCfg = Debug|Any CPU
		{E1B05557-BD07-4F07-92FA-E8C182D8657D}.Debug|Any CPU.Build.0 = Debug|Any CPU
		{E1B05557-BD07-4F07-92FA-E8C182D8657D}.Debug|x64.ActiveCfg = Debug|Any CPU
		{E1B05557-BD07-4F07-92FA-E8C182D8657D}.Debug|x64.Build.0 = Debug|Any CPU
		{E1B05557-BD07-4F07-92FA-E8C182D8657D}.Debug|x86.ActiveCfg = Debug|Any CPU
		{E1B05557-BD07-4F07-92FA-E8C182D8657D}.Debug|x86.Build.0 = Debug|Any CPU
		{E1B05557-BD07-4F07-92FA-E8C182D8657D}.Release|Any CPU.ActiveCfg = Release|Any CPU
		{E1B05557-BD07-4F07-92FA-E8C182D8657D}.Release|Any CPU.Build.0 = Release|Any CPU
		{E1B05557-BD07-4F07-92FA-E8C182D8657D}.Release|x64.ActiveCfg = Release|Any CPU
		{E1B05557-BD07-4F07-92FA-E8C182D8657D}.Release|x64.Build.0 = Release|Any CPU
		{E1B05557-BD07-4F07-92FA-E8C182D8657D}.Release|x86.ActiveCfg = Release|Any CPU
		{E1B05557-BD07-4F07-92FA-E8C182D8657D}.Release|x86.Build.0 = Release|Any CPU
		{1BDED762-85DF-4447-80BF-0BA1FAD7A42B}.Debug|Any CPU.ActiveCfg = Debug|Any CPU
		{1BDED762-85DF-4447-80BF-0BA1FAD7A42B}.Debug|Any CPU.Build.0 = Debug|Any CPU
		{1BDED762-85DF-4447-80BF-0BA1FAD7A42B}.Debug|x64.ActiveCfg = Debug|Any CPU
		{1BDED762-85DF-4447-80BF-0BA1FAD7A42B}.Debug|x64.Build.0 = Debug|Any CPU
		{1BDED762-85DF-4447-80BF-0BA1FAD7A42B}.Debug|x86.ActiveCfg = Debug|Any CPU
		{1BDED762-85DF-4447-80BF-0BA1FAD7A42B}.Debug|x86.Build.0 = Debug|Any CPU
		{1BDED762-85DF-4447-80BF-0BA1FAD7A42B}.Release|Any CPU.ActiveCfg = Release|Any CPU
		{1BDED762-85DF-4447-80BF-0BA1FAD7A42B}.Release|Any CPU.Build.0 = Release|Any CPU
		{1BDED762-85DF-4447-80BF-0BA1FAD7A42B}.Release|x64.ActiveCfg = Release|Any CPU
		{1BDED762-85DF-4447-80BF-0BA1FAD7A42B}.Release|x64.Build.0 = Release|Any CPU
		{1BDED762-85DF-4447-80BF-0BA1FAD7A42B}.Release|x86.ActiveCfg = Release|Any CPU
		{1BDED762-85DF-4447-80BF-0BA1FAD7A42B}.Release|x86.Build.0 = Release|Any CPU
		{1091603B-88E8-4450-9293-481CCEA599A4}.Debug|Any CPU.ActiveCfg = Debug|Any CPU
		{1091603B-88E8-4450-9293-481CCEA599A4}.Debug|Any CPU.Build.0 = Debug|Any CPU
		{1091603B-88E8-4450-9293-481CCEA599A4}.Debug|x64.ActiveCfg = Debug|Any CPU
		{1091603B-88E8-4450-9293-481CCEA599A4}.Debug|x64.Build.0 = Debug|Any CPU
		{1091603B-88E8-4450-9293-481CCEA599A4}.Debug|x86.ActiveCfg = Debug|Any CPU
		{1091603B-88E8-4450-9293-481CCEA599A4}.Debug|x86.Build.0 = Debug|Any CPU
		{1091603B-88E8-4450-9293-481CCEA599A4}.Release|Any CPU.ActiveCfg = Release|Any CPU
		{1091603B-88E8-4450-9293-481CCEA599A4}.Release|Any CPU.Build.0 = Release|Any CPU
		{1091603B-88E8-4450-9293-481CCEA599A4}.Release|x64.ActiveCfg = Release|Any CPU
		{1091603B-88E8-4450-9293-481CCEA599A4}.Release|x64.Build.0 = Release|Any CPU
		{1091603B-88E8-4450-9293-481CCEA599A4}.Release|x86.ActiveCfg = Release|Any CPU
		{1091603B-88E8-4450-9293-481CCEA599A4}.Release|x86.Build.0 = Release|Any CPU
		{BAFA8A77-5363-4842-A944-AA432072E689}.Debug|Any CPU.ActiveCfg = Debug|Any CPU
		{BAFA8A77-5363-4842-A944-AA432072E689}.Debug|Any CPU.Build.0 = Debug|Any CPU
		{BAFA8A77-5363-4842-A944-AA432072E689}.Debug|x64.ActiveCfg = Debug|Any CPU
		{BAFA8A77-5363-4842-A944-AA432072E689}.Debug|x64.Build.0 = Debug|Any CPU
		{BAFA8A77-5363-4842-A944-AA432072E689}.Debug|x86.ActiveCfg = Debug|Any CPU
		{BAFA8A77-5363-4842-A944-AA432072E689}.Debug|x86.Build.0 = Debug|Any CPU
		{BAFA8A77-5363-4842-A944-AA432072E689}.Release|Any CPU.ActiveCfg = Release|Any CPU
		{BAFA8A77-5363-4842-A944-AA432072E689}.Release|Any CPU.Build.0 = Release|Any CPU
		{BAFA8A77-5363-4842-A944-AA432072E689}.Release|x64.ActiveCfg = Release|Any CPU
		{BAFA8A77-5363-4842-A944-AA432072E689}.Release|x64.Build.0 = Release|Any CPU
		{BAFA8A77-5363-4842-A944-AA432072E689}.Release|x86.ActiveCfg = Release|Any CPU
		{BAFA8A77-5363-4842-A944-AA432072E689}.Release|x86.Build.0 = Release|Any CPU
		{E950753D-2E74-4224-8994-18EBA8588CF4}.Debug|Any CPU.ActiveCfg = Debug|Any CPU
		{E950753D-2E74-4224-8994-18EBA8588CF4}.Debug|Any CPU.Build.0 = Debug|Any CPU
		{E950753D-2E74-4224-8994-18EBA8588CF4}.Debug|x64.ActiveCfg = Debug|Any CPU
		{E950753D-2E74-4224-8994-18EBA8588CF4}.Debug|x64.Build.0 = Debug|Any CPU
		{E950753D-2E74-4224-8994-18EBA8588CF4}.Debug|x86.ActiveCfg = Debug|Any CPU
		{E950753D-2E74-4224-8994-18EBA8588CF4}.Debug|x86.Build.0 = Debug|Any CPU
		{E950753D-2E74-4224-8994-18EBA8588CF4}.Release|Any CPU.ActiveCfg = Release|Any CPU
		{E950753D-2E74-4224-8994-18EBA8588CF4}.Release|Any CPU.Build.0 = Release|Any CPU
		{E950753D-2E74-4224-8994-18EBA8588CF4}.Release|x64.ActiveCfg = Release|Any CPU
		{E950753D-2E74-4224-8994-18EBA8588CF4}.Release|x64.Build.0 = Release|Any CPU
		{E950753D-2E74-4224-8994-18EBA8588CF4}.Release|x86.ActiveCfg = Release|Any CPU
		{E950753D-2E74-4224-8994-18EBA8588CF4}.Release|x86.Build.0 = Release|Any CPU
	EndGlobalSection
	GlobalSection(SolutionProperties) = preSolution
		HideSolutionNode = FALSE
	EndGlobalSection
EndGlobal
